
Microsoft Visual Studio Solution File, Format Version 12.00
# Visual Studio 15
VisualStudioVersion = 15.0.28010.2003
MinimumVisualStudioVersion = 10.0.40219.1
Project("{9A19103F-16F7-4668-BE54-9A1E7A4F7556}") = "SupermarketReceipt", "SupermarketReceipt\SupermarketReceipt.csproj", "{62B81567-8D4E-40ED-B16E-9E5AF2A35688}"
EndProject
Global
	GlobalSection(SolutionConfigurationPlatforms) = preSolution
		Debug|Any CPU = Debug|Any CPU
		Release|Any CPU = Release|Any CPU
	EndGlobalSection
	GlobalSection(ProjectConfigurationPlatforms) = postSolution
		{62B81567-8D4E-40ED-B16E-9E5AF2A35688}.Debug|Any CPU.ActiveCfg = Debug|Any CPU
		{62B81567-8D4E-40ED-B16E-9E5AF2A35688}.Debug|Any CPU.Build.0 = Debug|Any CPU
		{62B81567-8D4E-40ED-B16E-9E5AF2A35688}.Release|Any CPU.ActiveCfg = Release|Any CPU
		{62B81567-8D4E-40ED-B16E-9E5AF2A35688}.Release|Any CPU.Build.0 = Release|Any CPU
	EndGlobalSection
	GlobalSection(SolutionProperties) = preSolution
		HideSolutionNode = FALSE
	EndGlobalSection
	GlobalSection(ExtensibilityGlobals) = postSolution
		SolutionGuid = {4A95D7DB-67BA-4F9D-8814-4C0B87A4CE04}
	EndGlobalSection
EndGlobal
